
Microsoft Visual Studio Solution File, Format Version 12.00
# Visual Studio Version 17
VisualStudioVersion = 17.14.36310.24
MinimumVisualStudioVersion = 10.0.40219.1
Project("{FAE04EC0-301F-11D3-BF4B-00C04F79EFBC}") = "RedBricksApi", "RedBricksApi\RedBricksApi.csproj", "{715CF158-2762-42B1-A968-2420EEE7C2D8}"
EndProject
Project("{00D1A9C2-B5F0-4AF3-8072-F6C62B433612}") = "RedbricksDB", "RedbricksDB\RedbricksDB.sqlproj", "{C3653D9A-58C3-4CFB-B117-5A45A9222C88}"
EndProject
Global
	GlobalSection(SolutionConfigurationPlatforms) = preSolution
		Debug|Any CPU = Debug|Any CPU
		Release|Any CPU = Release|Any CPU
	EndGlobalSection
	GlobalSection(ProjectConfigurationPlatforms) = postSolution
		{715CF158-2762-42B1-A968-2420EEE7C2D8}.Debug|Any CPU.ActiveCfg = Debug|Any CPU
		{715CF158-2762-42B1-A968-2420EEE7C2D8}.Debug|Any CPU.Build.0 = Debug|Any CPU
		{715CF158-2762-42B1-A968-2420EEE7C2D8}.Release|Any CPU.ActiveCfg = Release|Any CPU
		{715CF158-2762-42B1-A968-2420EEE7C2D8}.Release|Any CPU.Build.0 = Release|Any CPU
		{C3653D9A-58C3-4CFB-B117-5A45A9222C88}.Debug|Any CPU.ActiveCfg = Debug|Any CPU
		{C3653D9A-58C3-4CFB-B117-5A45A9222C88}.Debug|Any CPU.Build.0 = Debug|Any CPU
		{C3653D9A-58C3-4CFB-B117-5A45A9222C88}.Debug|Any CPU.Deploy.0 = Debug|Any CPU
		{C3653D9A-58C3-4CFB-B117-5A45A9222C88}.Release|Any CPU.ActiveCfg = Release|Any CPU
		{C3653D9A-58C3-4CFB-B117-5A45A9222C88}.Release|Any CPU.Build.0 = Release|Any CPU
		{C3653D9A-58C3-4CFB-B117-5A45A9222C88}.Release|Any CPU.Deploy.0 = Release|Any CPU
	EndGlobalSection
	GlobalSection(SolutionProperties) = preSolution
		HideSolutionNode = FALSE
	EndGlobalSection
	GlobalSection(ExtensibilityGlobals) = postSolution
		SolutionGuid = {7A161BD7-4822-41E7-9A0B-1CA7B87F3014}
	EndGlobalSection
EndGlobal
